
Microsoft Visual Studio Solution File, Format Version 12.00
# Visual Studio Version 17
VisualStudioVersion = 17.14.37216.2 d17.14
MinimumVisualStudioVersion = 10.0.40219.1
Project("{2150E333-8FDC-42A3-9474-1A3956D46DE8}") = "src", "src", "{02EA681E-C7D8-13C7-8484-4AC65E1B71E8}"
EndProject
Project("{FAE04EC0-301F-11D3-BF4B-00C04F79EFBC}") = "LeoClinic.API", "LeoClinic.API\LeoClinic.API.csproj", "{8034DA39-972F-44B4-B12F-72B366DB220F}"
EndProject
Project("{FAE04EC0-301F-11D3-BF4B-00C04F79EFBC}") = "LeoClinic.Domain", "LeoClinic.Domain\LeoClinic.Domain.csproj", "{B53A8156-3BA3-407B-9A84-07ED9C2BE696}"
EndProject
Project("{FAE04EC0-301F-11D3-BF4B-00C04F79EFBC}") = "LeoClinic.Application", "LeoClinic.Application\LeoClinic.Application.csproj", "{FAF71C32-F72D-488D-8EED-4E16375EE793}"
EndProject
Project("{FAE04EC0-301F-11D3-BF4B-00C04F79EFBC}") = "LeoClinic.Infrastructure", "LeoClinic.Infrastructure\LeoClinic.Infrastructure.csproj", "{49C9021B-1C11-4D45-9997-A34BC9E21562}"
EndProject
Project("{FAE04EC0-301F-11D3-BF4B-00C04F79EFBC}") = "LeoClinic.Shared", "LeoClinic.Shared\LeoClinic.Shared.csproj", "{CE48A7E6-6A56-43FA-B440-B235218812F1}"
EndProject
Project("{2150E333-8FDC-42A3-9474-1A3956D46DE8}") = "Public", "Public", "{8EC462FD-D22E-90A8-E5CE-7E832BA40C5D}"
	ProjectSection(SolutionItems) = preProject
		.gitignore = .gitignore
		Readme.md = Readme.md
	EndProjectSection
EndProject
Global
	GlobalSection(SolutionConfigurationPlatforms) = preSolution
		Debug|Any CPU = Debug|Any CPU
		Release|Any CPU = Release|Any CPU
	EndGlobalSection
	GlobalSection(ProjectConfigurationPlatforms) = postSolution
		{8034DA39-972F-44B4-B12F-72B366DB220F}.Debug|Any CPU.ActiveCfg = Debug|Any CPU
		{8034DA39-972F-44B4-B12F-72B366DB220F}.Debug|Any CPU.Build.0 = Debug|Any CPU
		{8034DA39-972F-44B4-B12F-72B366DB220F}.Release|Any CPU.ActiveCfg = Release|Any CPU
		{8034DA39-972F-44B4-B12F-72B366DB220F}.Release|Any CPU.Build.0 = Release|Any CPU
		{B53A8156-3BA3-407B-9A84-07ED9C2BE696}.Debug|Any CPU.ActiveCfg = Debug|Any CPU
		{B53A8156-3BA3-407B-9A84-07ED9C2BE696}.Debug|Any CPU.Build.0 = Debug|Any CPU
		{B53A8156-3BA3-407B-9A84-07ED9C2BE696}.Release|Any CPU.ActiveCfg = Release|Any CPU
		{B53A8156-3BA3-407B-9A84-07ED9C2BE696}.Release|Any CPU.Build.0 = Release|Any CPU
		{FAF71C32-F72D-488D-8EED-4E16375EE793}.Debug|Any CPU.ActiveCfg = Debug|Any CPU
		{FAF71C32-F72D-488D-8EED-4E16375EE793}.Debug|Any CPU.Build.0 = Debug|Any CPU
		{FAF71C32-F72D-488D-8EED-4E16375EE793}.Release|Any CPU.ActiveCfg = Release|Any CPU
		{FAF71C32-F72D-488D-8EED-4E16375EE793}.Release|Any CPU.Build.0 = Release|Any CPU
		{49C9021B-1C11-4D45-9997-A34BC9E21562}.Debug|Any CPU.ActiveCfg = Debug|Any CPU
		{49C9021B-1C11-4D45-9997-A34BC9E21562}.Debug|Any CPU.Build.0 = Debug|Any CPU
		{49C9021B-1C11-4D45-9997-A34BC9E21562}.Release|Any CPU.ActiveCfg = Release|Any CPU
		{49C9021B-1C11-4D45-9997-A34BC9E21562}.Release|Any CPU.Build.0 = Release|Any CPU
		{CE48A7E6-6A56-43FA-B440-B235218812F1}.Debug|Any CPU.ActiveCfg = Debug|Any CPU
		{CE48A7E6-6A56-43FA-B440-B235218812F1}.Debug|Any CPU.Build.0 = Debug|Any CPU
		{CE48A7E6-6A56-43FA-B440-B235218812F1}.Release|Any CPU.ActiveCfg = Release|Any CPU
		{CE48A7E6-6A56-43FA-B440-B235218812F1}.Release|Any CPU.Build.0 = Release|Any CPU
	EndGlobalSection
	GlobalSection(SolutionProperties) = preSolution
		HideSolutionNode = FALSE
	EndGlobalSection
	GlobalSection(NestedProjects) = preSolution
		{8034DA39-972F-44B4-B12F-72B366DB220F} = {02EA681E-C7D8-13C7-8484-4AC65E1B71E8}
		{B53A8156-3BA3-407B-9A84-07ED9C2BE696} = {02EA681E-C7D8-13C7-8484-4AC65E1B71E8}
		{FAF71C32-F72D-488D-8EED-4E16375EE793} = {02EA681E-C7D8-13C7-8484-4AC65E1B71E8}
		{49C9021B-1C11-4D45-9997-A34BC9E21562} = {02EA681E-C7D8-13C7-8484-4AC65E1B71E8}
		{CE48A7E6-6A56-43FA-B440-B235218812F1} = {02EA681E-C7D8-13C7-8484-4AC65E1B71E8}
	EndGlobalSection
	GlobalSection(ExtensibilityGlobals) = postSolution
		SolutionGuid = {5623B5D2-4ABF-4602-899E-42CFF59954F0}
	EndGlobalSection
EndGlobal
